
Microsoft Visual Studio Solution File, Format Version 12.00
# Visual Studio Version 17
VisualStudioVersion = 17.6.33829.357
MinimumVisualStudioVersion = 10.0.40219.1
Project("{9A19103F-16F7-4668-BE54-9A1E7A4F7556}") = "Easy_Learn.Data", "Easy_Learn.Data\Easy_Learn.Data.csproj", "{13CC2BE2-B562-4EC6-9075-DAAF70555E16}"
EndProject
Project("{9A19103F-16F7-4668-BE54-9A1E7A4F7556}") = "Easy_learn.WebApi", "Easy_learn.WebApi\Easy_learn.WebApi.csproj", "{58795427-5BB9-4920-87AE-238558BEC761}"
EndProject
Project("{9A19103F-16F7-4668-BE54-9A1E7A4F7556}") = "PersianTranslation", "PersianTranslation\PersianTranslation.csproj", "{FBE539D0-4B2B-41FF-B520-4B658CF19E65}"
EndProject
Project("{9A19103F-16F7-4668-BE54-9A1E7A4F7556}") = "Easy_Learn.UI", "Easy_Learn.UI\Easy_Learn.UI.csproj", "{6E8F8364-7220-4AD8-90FB-AB371BAAD8C7}"
EndProject
Global
	GlobalSection(SolutionConfigurationPlatforms) = preSolution
		Debug|Any CPU = Debug|Any CPU
		Release|Any CPU = Release|Any CPU
	EndGlobalSection
	GlobalSection(ProjectConfigurationPlatforms) = postSolution
		{13CC2BE2-B562-4EC6-9075-DAAF70555E16}.Debug|Any CPU.ActiveCfg = Debug|Any CPU
		{13CC2BE2-B562-4EC6-9075-DAAF70555E16}.Debug|Any CPU.Build.0 = Debug|Any CPU
		{13CC2BE2-B562-4EC6-9075-DAAF70555E16}.Release|Any CPU.ActiveCfg = Release|Any CPU
		{13CC2BE2-B562-4EC6-9075-DAAF70555E16}.Release|Any CPU.Build.0 = Release|Any CPU
		{58795427-5BB9-4920-87AE-238558BEC761}.Debug|Any CPU.ActiveCfg = Debug|Any CPU
		{58795427-5BB9-4920-87AE-238558BEC761}.Debug|Any CPU.Build.0 = Debug|Any CPU
		{58795427-5BB9-4920-87AE-238558BEC761}.Release|Any CPU.ActiveCfg = Release|Any CPU
		{58795427-5BB9-4920-87AE-238558BEC761}.Release|Any CPU.Build.0 = Release|Any CPU
		{FBE539D0-4B2B-41FF-B520-4B658CF19E65}.Debug|Any CPU.ActiveCfg = Debug|Any CPU
		{FBE539D0-4B2B-41FF-B520-4B658CF19E65}.Debug|Any CPU.Build.0 = Debug|Any CPU
		{FBE539D0-4B2B-41FF-B520-4B658CF19E65}.Release|Any CPU.ActiveCfg = Release|Any CPU
		{FBE539D0-4B2B-41FF-B520-4B658CF19E65}.Release|Any CPU.Build.0 = Release|Any CPU
		{6E8F8364-7220-4AD8-90FB-AB371BAAD8C7}.Debug|Any CPU.ActiveCfg = Debug|Any CPU
		{6E8F8364-7220-4AD8-90FB-AB371BAAD8C7}.Debug|Any CPU.Build.0 = Debug|Any CPU
		{6E8F8364-7220-4AD8-90FB-AB371BAAD8C7}.Release|Any CPU.ActiveCfg = Release|Any CPU
		{6E8F8364-7220-4AD8-90FB-AB371BAAD8C7}.Release|Any CPU.Build.0 = Release|Any CPU
	EndGlobalSection
	GlobalSection(SolutionProperties) = preSolution
		HideSolutionNode = FALSE
	EndGlobalSection
	GlobalSection(ExtensibilityGlobals) = postSolution
		SolutionGuid = {7C8DC512-5446-4B67-8A8B-341D6352347B}
	EndGlobalSection
EndGlobal
